
Microsoft Visual Studio Solution File, Format Version 12.00
Project("{2150E333-8FDC-42A3-9474-1A3956D46DE8}") = "src", "src", "{91CFB090-DBA4-465C-9987-995C48D633B5}"
EndProject
Project("{2150E333-8FDC-42A3-9474-1A3956D46DE8}") = "Adapter", "Adapter", "{94892D22-4694-4953-8425-EBA3B8813CFF}"
EndProject
Project("{2150E333-8FDC-42A3-9474-1A3956D46DE8}") = "Core", "Core", "{6CB31AA6-2120-4245-A5DB-B96AD82E6DFE}"
EndProject
Project("{2150E333-8FDC-42A3-9474-1A3956D46DE8}") = "Tests", "Tests", "{5A0DF916-6F12-4974-8F7B-B8013CBFE291}"
EndProject
Project("{2150E333-8FDC-42A3-9474-1A3956D46DE8}") = "Driven", "Driven", "{68DE96C8-A057-4371-8627-6A87B45699CD}"
EndProject
Project("{2150E333-8FDC-42A3-9474-1A3956D46DE8}") = "Driver", "Driver", "{98458D79-FCFB-4B53-868D-BC0227617819}"
EndProject
Project("{FAE04EC0-301F-11D3-BF4B-00C04F79EFBC}") = "Infra", "src\Adapter\Driven\Infra\Infra.csproj", "{112D795D-A51D-4A00-A0EE-C45B7605CF5B}"
EndProject
Project("{FAE04EC0-301F-11D3-BF4B-00C04F79EFBC}") = "Domain", "src\Core\Domain\Domain.csproj", "{0007551B-43F8-472C-9218-1961B574ABA2}"
EndProject
Project("{FAE04EC0-301F-11D3-BF4B-00C04F79EFBC}") = "Application", "src\Core\Application\Application.csproj", "{8D968CBC-454B-4118-9AF9-4AA084F3C988}"
EndProject
Project("{FAE04EC0-301F-11D3-BF4B-00C04F79EFBC}") = "Api", "src\Adapter\Driver\Api\Api.csproj", "{B80742B4-F78D-481D-85E5-1AEF00F52135}"
EndProject
Global
	GlobalSection(SolutionConfigurationPlatforms) = preSolution
		Debug|Any CPU = Debug|Any CPU
		Release|Any CPU = Release|Any CPU
	EndGlobalSection
	GlobalSection(NestedProjects) = preSolution
		{94892D22-4694-4953-8425-EBA3B8813CFF} = {91CFB090-DBA4-465C-9987-995C48D633B5}
		{6CB31AA6-2120-4245-A5DB-B96AD82E6DFE} = {91CFB090-DBA4-465C-9987-995C48D633B5}
		{68DE96C8-A057-4371-8627-6A87B45699CD} = {94892D22-4694-4953-8425-EBA3B8813CFF}
		{98458D79-FCFB-4B53-868D-BC0227617819} = {94892D22-4694-4953-8425-EBA3B8813CFF}
		{112D795D-A51D-4A00-A0EE-C45B7605CF5B} = {68DE96C8-A057-4371-8627-6A87B45699CD}
		{0007551B-43F8-472C-9218-1961B574ABA2} = {6CB31AA6-2120-4245-A5DB-B96AD82E6DFE}
		{8D968CBC-454B-4118-9AF9-4AA084F3C988} = {6CB31AA6-2120-4245-A5DB-B96AD82E6DFE}
		{B80742B4-F78D-481D-85E5-1AEF00F52135} = {98458D79-FCFB-4B53-868D-BC0227617819}
	EndGlobalSection
	GlobalSection(ProjectConfigurationPlatforms) = postSolution
		{112D795D-A51D-4A00-A0EE-C45B7605CF5B}.Debug|Any CPU.ActiveCfg = Debug|Any CPU
		{112D795D-A51D-4A00-A0EE-C45B7605CF5B}.Debug|Any CPU.Build.0 = Debug|Any CPU
		{112D795D-A51D-4A00-A0EE-C45B7605CF5B}.Release|Any CPU.ActiveCfg = Release|Any CPU
		{112D795D-A51D-4A00-A0EE-C45B7605CF5B}.Release|Any CPU.Build.0 = Release|Any CPU
		{0007551B-43F8-472C-9218-1961B574ABA2}.Debug|Any CPU.ActiveCfg = Debug|Any CPU
		{0007551B-43F8-472C-9218-1961B574ABA2}.Debug|Any CPU.Build.0 = Debug|Any CPU
		{0007551B-43F8-472C-9218-1961B574ABA2}.Release|Any CPU.ActiveCfg = Release|Any CPU
		{0007551B-43F8-472C-9218-1961B574ABA2}.Release|Any CPU.Build.0 = Release|Any CPU
		{8D968CBC-454B-4118-9AF9-4AA084F3C988}.Debug|Any CPU.ActiveCfg = Debug|Any CPU
		{8D968CBC-454B-4118-9AF9-4AA084F3C988}.Debug|Any CPU.Build.0 = Debug|Any CPU
		{8D968CBC-454B-4118-9AF9-4AA084F3C988}.Release|Any CPU.ActiveCfg = Release|Any CPU
		{8D968CBC-454B-4118-9AF9-4AA084F3C988}.Release|Any CPU.Build.0 = Release|Any CPU
		{B80742B4-F78D-481D-85E5-1AEF00F52135}.Debug|Any CPU.ActiveCfg = Debug|Any CPU
		{B80742B4-F78D-481D-85E5-1AEF00F52135}.Debug|Any CPU.Build.0 = Debug|Any CPU
		{B80742B4-F78D-481D-85E5-1AEF00F52135}.Release|Any CPU.ActiveCfg = Release|Any CPU
		{B80742B4-F78D-481D-85E5-1AEF00F52135}.Release|Any CPU.Build.0 = Release|Any CPU
	EndGlobalSection
EndGlobal
